// !$*UTF8*$!
{
	archiveVersion = 1;
	classes = {
	};
	objectVersion = 56;
	objects = {

/* Begin PBXBuildFile section */
		8D3698D829D4314F006B0629 /* AppDelegate.swift in Sources */ = {isa = PBXBuildFile; fileRef = 8D3698D729D4314F006B0629 /* AppDelegate.swift */; };
		8D3698DA29D4314F006B0629 /* SceneDelegate.swift in Sources */ = {isa = PBXBuildFile; fileRef = 8D3698D929D4314F006B0629 /* SceneDelegate.swift */; };
		8D3698DC29D4314F006B0629 /* AdsListingViewController.swift in Sources */ = {isa = PBXBuildFile; fileRef = 8D3698DB29D4314F006B0629 /* AdsListingViewController.swift */; };
		8D3698E129D43150006B0629 /* Assets.xcassets in Resources */ = {isa = PBXBuildFile; fileRef = 8D3698E029D43150006B0629 /* Assets.xcassets */; };
		8D3698E429D43150006B0629 /* LaunchScreen.storyboard in Resources */ = {isa = PBXBuildFile; fileRef = 8D3698E229D43150006B0629 /* LaunchScreen.storyboard */; };
		8D3698EF29D43150006B0629 /* LBCiOSTestDemoTests.swift in Sources */ = {isa = PBXBuildFile; fileRef = 8D3698EE29D43150006B0629 /* LBCiOSTestDemoTests.swift */; };
		8D3698F929D43150006B0629 /* LBCiOSTestDemoUITests.swift in Sources */ = {isa = PBXBuildFile; fileRef = 8D3698F829D43150006B0629 /* LBCiOSTestDemoUITests.swift */; };
		8D3698FB29D43150006B0629 /* LBCiOSTestDemoUITestsLaunchTests.swift in Sources */ = {isa = PBXBuildFile; fileRef = 8D3698FA29D43150006B0629 /* LBCiOSTestDemoUITestsLaunchTests.swift */; };
		8D36991129D4363E006B0629 /* AdsListingViewModel.swift in Sources */ = {isa = PBXBuildFile; fileRef = 8D36991029D4363E006B0629 /* AdsListingViewModel.swift */; };
		8D36991329D43659006B0629 /* AdsListingView.swift in Sources */ = {isa = PBXBuildFile; fileRef = 8D36991229D43659006B0629 /* AdsListingView.swift */; };
		8D36991A29D440F8006B0629 /* ServiceProvider.swift in Sources */ = {isa = PBXBuildFile; fileRef = 8D36991929D440F8006B0629 /* ServiceProvider.swift */; };
		8D36991C29D44103006B0629 /* ServiceProviderImpl.swift in Sources */ = {isa = PBXBuildFile; fileRef = 8D36991B29D44103006B0629 /* ServiceProviderImpl.swift */; };
		8D36992B29D44482006B0629 /* RepositoryProviderImpl.swift in Sources */ = {isa = PBXBuildFile; fileRef = 8D36992929D44481006B0629 /* RepositoryProviderImpl.swift */; };
		8D36992C29D44482006B0629 /* RepositoryProvider.swift in Sources */ = {isa = PBXBuildFile; fileRef = 8D36992A29D44481006B0629 /* RepositoryProvider.swift */; };
		8D36992F29D444C0006B0629 /* UseCaseProvider.swift in Sources */ = {isa = PBXBuildFile; fileRef = 8D36992D29D444C0006B0629 /* UseCaseProvider.swift */; };
		8D36993029D444C0006B0629 /* UseCaseProviderImpl.swift in Sources */ = {isa = PBXBuildFile; fileRef = 8D36992E29D444C0006B0629 /* UseCaseProviderImpl.swift */; };
		8D36993229D4451E006B0629 /* Container.swift in Sources */ = {isa = PBXBuildFile; fileRef = 8D36993129D4451E006B0629 /* Container.swift */; };
		8D36993629D447A2006B0629 /* DataLoaderService.swift in Sources */ = {isa = PBXBuildFile; fileRef = 8D36993529D447A2006B0629 /* DataLoaderService.swift */; };
		8D36993829D447B0006B0629 /* RemoteDataLoaderService.swift in Sources */ = {isa = PBXBuildFile; fileRef = 8D36993729D447B0006B0629 /* RemoteDataLoaderService.swift */; };
		8D36993C29D45059006B0629 /* Errors.swift in Sources */ = {isa = PBXBuildFile; fileRef = 8D36993B29D45059006B0629 /* Errors.swift */; };
		8D36994029D46E44006B0629 /* Constants.swift in Sources */ = {isa = PBXBuildFile; fileRef = 8D36993F29D46E44006B0629 /* Constants.swift */; };
		8D36994329D46EBB006B0629 /* AdsService.swift in Sources */ = {isa = PBXBuildFile; fileRef = 8D36994229D46EBB006B0629 /* AdsService.swift */; };
		8D36994529D46ECF006B0629 /* AdsApiService.swift in Sources */ = {isa = PBXBuildFile; fileRef = 8D36994429D46ECF006B0629 /* AdsApiService.swift */; };
		8D36994929D4759B006B0629 /* ClassifiedAdDTO.swift in Sources */ = {isa = PBXBuildFile; fileRef = 8D36994829D4759B006B0629 /* ClassifiedAdDTO.swift */; };
		8D36994B29D476C8006B0629 /* ImagesUrlDTO.swift in Sources */ = {isa = PBXBuildFile; fileRef = 8D36994A29D476C8006B0629 /* ImagesUrlDTO.swift */; };
		8D36994D29D478DA006B0629 /* AdsRouteProvider.swift in Sources */ = {isa = PBXBuildFile; fileRef = 8D36994C29D478DA006B0629 /* AdsRouteProvider.swift */; };
		8D36994F29D478E6006B0629 /* AdsServiceRoutes.swift in Sources */ = {isa = PBXBuildFile; fileRef = 8D36994E29D478E6006B0629 /* AdsServiceRoutes.swift */; };
		8D36995429D5C542006B0629 /* AdsRepository.swift in Sources */ = {isa = PBXBuildFile; fileRef = 8D36995329D5C542006B0629 /* AdsRepository.swift */; };
		8D36995629D5C54C006B0629 /* AdsRepositoryImpl.swift in Sources */ = {isa = PBXBuildFile; fileRef = 8D36995529D5C54C006B0629 /* AdsRepositoryImpl.swift */; };
		8D36995829D5C5D3006B0629 /* ModelClassifiedAd.swift in Sources */ = {isa = PBXBuildFile; fileRef = 8D36995729D5C5D3006B0629 /* ModelClassifiedAd.swift */; };
		8D36995A29D5C6AA006B0629 /* ModelImagesUrl.swift in Sources */ = {isa = PBXBuildFile; fileRef = 8D36995929D5C6AA006B0629 /* ModelImagesUrl.swift */; };
		8D36995D29D5CA5B006B0629 /* GetAdsUseCase.swift in Sources */ = {isa = PBXBuildFile; fileRef = 8D36995C29D5CA5B006B0629 /* GetAdsUseCase.swift */; };
		8D36995F29D5D0A3006B0629 /* Bootloader.swift in Sources */ = {isa = PBXBuildFile; fileRef = 8D36995E29D5D0A3006B0629 /* Bootloader.swift */; };
		8D36996129D5D25D006B0629 /* Localizable.strings in Resources */ = {isa = PBXBuildFile; fileRef = 8D36996029D5D25D006B0629 /* Localizable.strings */; };
		8D36996829D5EACC006B0629 /* UIImageView.swift in Sources */ = {isa = PBXBuildFile; fileRef = 8D36996729D5EACC006B0629 /* UIImageView.swift */; };
		8D36996E29D60495006B0629 /* ImageCache.swift in Sources */ = {isa = PBXBuildFile; fileRef = 8D36996D29D60495006B0629 /* ImageCache.swift */; };
		8D36997029D60C7B006B0629 /* Formatters.swift in Sources */ = {isa = PBXBuildFile; fileRef = 8D36996F29D60C7B006B0629 /* Formatters.swift */; };
		8D36997329D62E15006B0629 /* ClassifiedAdCell.swift in Sources */ = {isa = PBXBuildFile; fileRef = 8D36997129D62E15006B0629 /* ClassifiedAdCell.swift */; };
		8D36997429D62E15006B0629 /* AdsListingCollectionAdapter.swift in Sources */ = {isa = PBXBuildFile; fileRef = 8D36997229D62E15006B0629 /* AdsListingCollectionAdapter.swift */; };
		8D36997729D62E9C006B0629 /* CategoriesService.swift in Sources */ = {isa = PBXBuildFile; fileRef = 8D36997629D62E9C006B0629 /* CategoriesService.swift */; };
		8D36997929D62EB5006B0629 /* CategoryDTO.swift in Sources */ = {isa = PBXBuildFile; fileRef = 8D36997829D62EB5006B0629 /* CategoryDTO.swift */; };
		8D36997B29D62F07006B0629 /* ModelCategory.swift in Sources */ = {isa = PBXBuildFile; fileRef = 8D36997A29D62F07006B0629 /* ModelCategory.swift */; };
		8D36997D29D62FB9006B0629 /* CategoriesApiService.swift in Sources */ = {isa = PBXBuildFile; fileRef = 8D36997C29D62FB9006B0629 /* CategoriesApiService.swift */; };
		8D36997F29D62FD3006B0629 /* CategoriesRouteProvider.swift in Sources */ = {isa = PBXBuildFile; fileRef = 8D36997E29D62FD3006B0629 /* CategoriesRouteProvider.swift */; };
		8D36998129D63039006B0629 /* CategoriesServiceRoutes.swift in Sources */ = {isa = PBXBuildFile; fileRef = 8D36998029D63039006B0629 /* CategoriesServiceRoutes.swift */; };
		8D36998429D631C4006B0629 /* CategoriesRepository.swift in Sources */ = {isa = PBXBuildFile; fileRef = 8D36998329D631C4006B0629 /* CategoriesRepository.swift */; };
		8D36998629D631FD006B0629 /* CategoriesRepositoryImpl.swift in Sources */ = {isa = PBXBuildFile; fileRef = 8D36998529D631FD006B0629 /* CategoriesRepositoryImpl.swift */; };
		8D36998929D63406006B0629 /* LoadCategoriesUseCase.swift in Sources */ = {isa = PBXBuildFile; fileRef = 8D36998829D63406006B0629 /* LoadCategoriesUseCase.swift */; };
		8D36998B29D6360A006B0629 /* GetCategoryUseCase.swift in Sources */ = {isa = PBXBuildFile; fileRef = 8D36998A29D6360A006B0629 /* GetCategoryUseCase.swift */; };
		8D36998E29D6D380006B0629 /* AdDetailViewController.swift in Sources */ = {isa = PBXBuildFile; fileRef = 8D36998D29D6D380006B0629 /* AdDetailViewController.swift */; };
		8D36999029D6D38E006B0629 /* AdDetailView.swift in Sources */ = {isa = PBXBuildFile; fileRef = 8D36998F29D6D38E006B0629 /* AdDetailView.swift */; };
		8D36999229D6D39B006B0629 /* AdDetailViewModel.swift in Sources */ = {isa = PBXBuildFile; fileRef = 8D36999129D6D39B006B0629 /* AdDetailViewModel.swift */; };
		8D36999529D71D10006B0629 /* AdsServiceTests.swift in Sources */ = {isa = PBXBuildFile; fileRef = 8D36999429D71D10006B0629 /* AdsServiceTests.swift */; };
		8D36999929D71F10006B0629 /* MockAdsService.swift in Sources */ = {isa = PBXBuildFile; fileRef = 8D36999829D71F10006B0629 /* MockAdsService.swift */; };
		8D36999C29D71FD8006B0629 /* MockDataLoaderService.swift in Sources */ = {isa = PBXBuildFile; fileRef = 8D36999B29D71FD8006B0629 /* MockDataLoaderService.swift */; };
		8D36999F29D7242C006B0629 /* Data.swift in Sources */ = {isa = PBXBuildFile; fileRef = 8D36999E29D7242C006B0629 /* Data.swift */; };
		8D3699A229D72488006B0629 /* listing.json in Resources */ = {isa = PBXBuildFile; fileRef = 8D3699A129D72488006B0629 /* listing.json */; };
		8D3699A429D724DC006B0629 /* MockAdsServiceRoutes.swift in Sources */ = {isa = PBXBuildFile; fileRef = 8D3699A329D724DC006B0629 /* MockAdsServiceRoutes.swift */; };
		8D3699A729D72603006B0629 /* Completion.swift in Sources */ = {isa = PBXBuildFile; fileRef = 8D3699A629D72603006B0629 /* Completion.swift */; };
		8D3699AA29D72B9C006B0629 /* MockCategoriesService.swift in Sources */ = {isa = PBXBuildFile; fileRef = 8D3699A929D72B9C006B0629 /* MockCategoriesService.swift */; };
		8D3699AC29D72BD6006B0629 /* MockCategoriesServiceRoutes.swift in Sources */ = {isa = PBXBuildFile; fileRef = 8D3699AB29D72BD6006B0629 /* MockCategoriesServiceRoutes.swift */; };
		8D3699AE29D72C3B006B0629 /* categories.json in Resources */ = {isa = PBXBuildFile; fileRef = 8D3699AD29D72C3B006B0629 /* categories.json */; };
		8D3699B029D72CD3006B0629 /* CategoriesServiceTests.swift in Sources */ = {isa = PBXBuildFile; fileRef = 8D3699AF29D72CD3006B0629 /* CategoriesServiceTests.swift */; };
/* End PBXBuildFile section */

/* Begin PBXContainerItemProxy section */
		8D3698EB29D43150006B0629 /* PBXContainerItemProxy */ = {
			isa = PBXContainerItemProxy;
			containerPortal = 8D3698CC29D4314F006B0629 /* Project object */;
			proxyType = 1;
			remoteGlobalIDString = 8D3698D329D4314F006B0629;
			remoteInfo = LBCiOSTestDemo;
		};
		8D3698F529D43150006B0629 /* PBXContainerItemProxy */ = {
			isa = PBXContainerItemProxy;
			containerPortal = 8D3698CC29D4314F006B0629 /* Project object */;
			proxyType = 1;
			remoteGlobalIDString = 8D3698D329D4314F006B0629;
			remoteInfo = LBCiOSTestDemo;
		};
/* End PBXContainerItemProxy section */

/* Begin PBXFileReference section */
		8D3698D429D4314F006B0629 /* LBCiOSTestDemo.app */ = {isa = PBXFileReference; explicitFileType = wrapper.application; includeInIndex = 0; path = LBCiOSTestDemo.app; sourceTree = BUILT_PRODUCTS_DIR; };
		8D3698D729D4314F006B0629 /* AppDelegate.swift */ = {isa = PBXFileReference; lastKnownFileType = sourcecode.swift; path = AppDelegate.swift; sourceTree = "<group>"; };
		8D3698D929D4314F006B0629 /* SceneDelegate.swift */ = {isa = PBXFileReference; lastKnownFileType = sourcecode.swift; path = SceneDelegate.swift; sourceTree = "<group>"; };
		8D3698DB29D4314F006B0629 /* AdsListingViewController.swift */ = {isa = PBXFileReference; lastKnownFileType = sourcecode.swift; path = AdsListingViewController.swift; sourceTree = "<group>"; };
		8D3698E029D43150006B0629 /* Assets.xcassets */ = {isa = PBXFileReference; lastKnownFileType = folder.assetcatalog; path = Assets.xcassets; sourceTree = "<group>"; };
		8D3698E329D43150006B0629 /* Base */ = {isa = PBXFileReference; lastKnownFileType = file.storyboard; name = Base; path = Base.lproj/LaunchScreen.storyboard; sourceTree = "<group>"; };
		8D3698E529D43150006B0629 /* Info.plist */ = {isa = PBXFileReference; lastKnownFileType = text.plist.xml; path = Info.plist; sourceTree = "<group>"; };
		8D3698EA29D43150006B0629 /* LBCiOSTestDemoTests.xctest */ = {isa = PBXFileReference; explicitFileType = wrapper.cfbundle; includeInIndex = 0; path = LBCiOSTestDemoTests.xctest; sourceTree = BUILT_PRODUCTS_DIR; };
		8D3698EE29D43150006B0629 /* LBCiOSTestDemoTests.swift */ = {isa = PBXFileReference; lastKnownFileType = sourcecode.swift; path = LBCiOSTestDemoTests.swift; sourceTree = "<group>"; };
		8D3698F429D43150006B0629 /* LBCiOSTestDemoUITests.xctest */ = {isa = PBXFileReference; explicitFileType = wrapper.cfbundle; includeInIndex = 0; path = LBCiOSTestDemoUITests.xctest; sourceTree = BUILT_PRODUCTS_DIR; };
		8D3698F829D43150006B0629 /* LBCiOSTestDemoUITests.swift */ = {isa = PBXFileReference; lastKnownFileType = sourcecode.swift; path = LBCiOSTestDemoUITests.swift; sourceTree = "<group>"; };
		8D3698FA29D43150006B0629 /* LBCiOSTestDemoUITestsLaunchTests.swift */ = {isa = PBXFileReference; lastKnownFileType = sourcecode.swift; path = LBCiOSTestDemoUITestsLaunchTests.swift; sourceTree = "<group>"; };
		8D36991029D4363E006B0629 /* AdsListingViewModel.swift */ = {isa = PBXFileReference; lastKnownFileType = sourcecode.swift; path = AdsListingViewModel.swift; sourceTree = "<group>"; };
		8D36991229D43659006B0629 /* AdsListingView.swift */ = {isa = PBXFileReference; lastKnownFileType = sourcecode.swift; path = AdsListingView.swift; sourceTree = "<group>"; };
		8D36991929D440F8006B0629 /* ServiceProvider.swift */ = {isa = PBXFileReference; lastKnownFileType = sourcecode.swift; path = ServiceProvider.swift; sourceTree = "<group>"; };
		8D36991B29D44103006B0629 /* ServiceProviderImpl.swift */ = {isa = PBXFileReference; lastKnownFileType = sourcecode.swift; path = ServiceProviderImpl.swift; sourceTree = "<group>"; };
		8D36992929D44481006B0629 /* RepositoryProviderImpl.swift */ = {isa = PBXFileReference; fileEncoding = 4; lastKnownFileType = sourcecode.swift; path = RepositoryProviderImpl.swift; sourceTree = "<group>"; };
		8D36992A29D44481006B0629 /* RepositoryProvider.swift */ = {isa = PBXFileReference; fileEncoding = 4; lastKnownFileType = sourcecode.swift; path = RepositoryProvider.swift; sourceTree = "<group>"; };
		8D36992D29D444C0006B0629 /* UseCaseProvider.swift */ = {isa = PBXFileReference; fileEncoding = 4; lastKnownFileType = sourcecode.swift; path = UseCaseProvider.swift; sourceTree = "<group>"; };
		8D36992E29D444C0006B0629 /* UseCaseProviderImpl.swift */ = {isa = PBXFileReference; fileEncoding = 4; lastKnownFileType = sourcecode.swift; path = UseCaseProviderImpl.swift; sourceTree = "<group>"; };
		8D36993129D4451E006B0629 /* Container.swift */ = {isa = PBXFileReference; fileEncoding = 4; lastKnownFileType = sourcecode.swift; path = Container.swift; sourceTree = "<group>"; };
		8D36993529D447A2006B0629 /* DataLoaderService.swift */ = {isa = PBXFileReference; lastKnownFileType = sourcecode.swift; path = DataLoaderService.swift; sourceTree = "<group>"; };
		8D36993729D447B0006B0629 /* RemoteDataLoaderService.swift */ = {isa = PBXFileReference; lastKnownFileType = sourcecode.swift; path = RemoteDataLoaderService.swift; sourceTree = "<group>"; };
		8D36993B29D45059006B0629 /* Errors.swift */ = {isa = PBXFileReference; lastKnownFileType = sourcecode.swift; path = Errors.swift; sourceTree = "<group>"; };
		8D36993F29D46E44006B0629 /* Constants.swift */ = {isa = PBXFileReference; lastKnownFileType = sourcecode.swift; path = Constants.swift; sourceTree = "<group>"; };
		8D36994229D46EBB006B0629 /* AdsService.swift */ = {isa = PBXFileReference; lastKnownFileType = sourcecode.swift; path = AdsService.swift; sourceTree = "<group>"; };
		8D36994429D46ECF006B0629 /* AdsApiService.swift */ = {isa = PBXFileReference; lastKnownFileType = sourcecode.swift; path = AdsApiService.swift; sourceTree = "<group>"; };
		8D36994829D4759B006B0629 /* ClassifiedAdDTO.swift */ = {isa = PBXFileReference; lastKnownFileType = sourcecode.swift; path = ClassifiedAdDTO.swift; sourceTree = "<group>"; };
		8D36994A29D476C8006B0629 /* ImagesUrlDTO.swift */ = {isa = PBXFileReference; lastKnownFileType = sourcecode.swift; path = ImagesUrlDTO.swift; sourceTree = "<group>"; };
		8D36994C29D478DA006B0629 /* AdsRouteProvider.swift */ = {isa = PBXFileReference; lastKnownFileType = sourcecode.swift; path = AdsRouteProvider.swift; sourceTree = "<group>"; };
		8D36994E29D478E6006B0629 /* AdsServiceRoutes.swift */ = {isa = PBXFileReference; lastKnownFileType = sourcecode.swift; path = AdsServiceRoutes.swift; sourceTree = "<group>"; };
		8D36995329D5C542006B0629 /* AdsRepository.swift */ = {isa = PBXFileReference; lastKnownFileType = sourcecode.swift; path = AdsRepository.swift; sourceTree = "<group>"; };
		8D36995529D5C54C006B0629 /* AdsRepositoryImpl.swift */ = {isa = PBXFileReference; lastKnownFileType = sourcecode.swift; path = AdsRepositoryImpl.swift; sourceTree = "<group>"; };
		8D36995729D5C5D3006B0629 /* ModelClassifiedAd.swift */ = {isa = PBXFileReference; lastKnownFileType = sourcecode.swift; path = ModelClassifiedAd.swift; sourceTree = "<group>"; };
		8D36995929D5C6AA006B0629 /* ModelImagesUrl.swift */ = {isa = PBXFileReference; lastKnownFileType = sourcecode.swift; path = ModelImagesUrl.swift; sourceTree = "<group>"; };
		8D36995C29D5CA5B006B0629 /* GetAdsUseCase.swift */ = {isa = PBXFileReference; lastKnownFileType = sourcecode.swift; path = GetAdsUseCase.swift; sourceTree = "<group>"; };
		8D36995E29D5D0A3006B0629 /* Bootloader.swift */ = {isa = PBXFileReference; lastKnownFileType = sourcecode.swift; path = Bootloader.swift; sourceTree = "<group>"; };
		8D36996029D5D25D006B0629 /* Localizable.strings */ = {isa = PBXFileReference; lastKnownFileType = text.plist.strings; path = Localizable.strings; sourceTree = "<group>"; };
		8D36996729D5EACC006B0629 /* UIImageView.swift */ = {isa = PBXFileReference; lastKnownFileType = sourcecode.swift; path = UIImageView.swift; sourceTree = "<group>"; };
		8D36996D29D60495006B0629 /* ImageCache.swift */ = {isa = PBXFileReference; lastKnownFileType = sourcecode.swift; path = ImageCache.swift; sourceTree = "<group>"; };
		8D36996F29D60C7B006B0629 /* Formatters.swift */ = {isa = PBXFileReference; lastKnownFileType = sourcecode.swift; path = Formatters.swift; sourceTree = "<group>"; };
		8D36997129D62E15006B0629 /* ClassifiedAdCell.swift */ = {isa = PBXFileReference; fileEncoding = 4; lastKnownFileType = sourcecode.swift; path = ClassifiedAdCell.swift; sourceTree = "<group>"; };
		8D36997229D62E15006B0629 /* AdsListingCollectionAdapter.swift */ = {isa = PBXFileReference; fileEncoding = 4; lastKnownFileType = sourcecode.swift; path = AdsListingCollectionAdapter.swift; sourceTree = "<group>"; };
		8D36997629D62E9C006B0629 /* CategoriesService.swift */ = {isa = PBXFileReference; lastKnownFileType = sourcecode.swift; path = CategoriesService.swift; sourceTree = "<group>"; };
		8D36997829D62EB5006B0629 /* CategoryDTO.swift */ = {isa = PBXFileReference; lastKnownFileType = sourcecode.swift; path = CategoryDTO.swift; sourceTree = "<group>"; };
		8D36997A29D62F07006B0629 /* ModelCategory.swift */ = {isa = PBXFileReference; lastKnownFileType = sourcecode.swift; path = ModelCategory.swift; sourceTree = "<group>"; };
		8D36997C29D62FB9006B0629 /* CategoriesApiService.swift */ = {isa = PBXFileReference; lastKnownFileType = sourcecode.swift; path = CategoriesApiService.swift; sourceTree = "<group>"; };
		8D36997E29D62FD3006B0629 /* CategoriesRouteProvider.swift */ = {isa = PBXFileReference; lastKnownFileType = sourcecode.swift; path = CategoriesRouteProvider.swift; sourceTree = "<group>"; };
		8D36998029D63039006B0629 /* CategoriesServiceRoutes.swift */ = {isa = PBXFileReference; lastKnownFileType = sourcecode.swift; path = CategoriesServiceRoutes.swift; sourceTree = "<group>"; };
		8D36998329D631C4006B0629 /* CategoriesRepository.swift */ = {isa = PBXFileReference; lastKnownFileType = sourcecode.swift; path = CategoriesRepository.swift; sourceTree = "<group>"; };
		8D36998529D631FD006B0629 /* CategoriesRepositoryImpl.swift */ = {isa = PBXFileReference; lastKnownFileType = sourcecode.swift; path = CategoriesRepositoryImpl.swift; sourceTree = "<group>"; };
		8D36998829D63406006B0629 /* LoadCategoriesUseCase.swift */ = {isa = PBXFileReference; lastKnownFileType = sourcecode.swift; path = LoadCategoriesUseCase.swift; sourceTree = "<group>"; };
		8D36998A29D6360A006B0629 /* GetCategoryUseCase.swift */ = {isa = PBXFileReference; lastKnownFileType = sourcecode.swift; path = GetCategoryUseCase.swift; sourceTree = "<group>"; };
		8D36998D29D6D380006B0629 /* AdDetailViewController.swift */ = {isa = PBXFileReference; lastKnownFileType = sourcecode.swift; path = AdDetailViewController.swift; sourceTree = "<group>"; };
		8D36998F29D6D38E006B0629 /* AdDetailView.swift */ = {isa = PBXFileReference; lastKnownFileType = sourcecode.swift; path = AdDetailView.swift; sourceTree = "<group>"; };
		8D36999129D6D39B006B0629 /* AdDetailViewModel.swift */ = {isa = PBXFileReference; lastKnownFileType = sourcecode.swift; path = AdDetailViewModel.swift; sourceTree = "<group>"; };
		8D36999429D71D10006B0629 /* AdsServiceTests.swift */ = {isa = PBXFileReference; lastKnownFileType = sourcecode.swift; path = AdsServiceTests.swift; sourceTree = "<group>"; };
		8D36999829D71F10006B0629 /* MockAdsService.swift */ = {isa = PBXFileReference; lastKnownFileType = sourcecode.swift; path = MockAdsService.swift; sourceTree = "<group>"; };
		8D36999B29D71FD8006B0629 /* MockDataLoaderService.swift */ = {isa = PBXFileReference; lastKnownFileType = sourcecode.swift; path = MockDataLoaderService.swift; sourceTree = "<group>"; };
		8D36999E29D7242C006B0629 /* Data.swift */ = {isa = PBXFileReference; lastKnownFileType = sourcecode.swift; path = Data.swift; sourceTree = "<group>"; };
		8D3699A129D72488006B0629 /* listing.json */ = {isa = PBXFileReference; lastKnownFileType = text.json; path = listing.json; sourceTree = "<group>"; };
		8D3699A329D724DC006B0629 /* MockAdsServiceRoutes.swift */ = {isa = PBXFileReference; lastKnownFileType = sourcecode.swift; path = MockAdsServiceRoutes.swift; sourceTree = "<group>"; };
		8D3699A629D72603006B0629 /* Completion.swift */ = {isa = PBXFileReference; lastKnownFileType = sourcecode.swift; path = Completion.swift; sourceTree = "<group>"; };
		8D3699A929D72B9C006B0629 /* MockCategoriesService.swift */ = {isa = PBXFileReference; lastKnownFileType = sourcecode.swift; path = MockCategoriesService.swift; sourceTree = "<group>"; };
		8D3699AB29D72BD6006B0629 /* MockCategoriesServiceRoutes.swift */ = {isa = PBXFileReference; lastKnownFileType = sourcecode.swift; path = MockCategoriesServiceRoutes.swift; sourceTree = "<group>"; };
		8D3699AD29D72C3B006B0629 /* categories.json */ = {isa = PBXFileReference; lastKnownFileType = text.json; path = categories.json; sourceTree = "<group>"; };
		8D3699AF29D72CD3006B0629 /* CategoriesServiceTests.swift */ = {isa = PBXFileReference; lastKnownFileType = sourcecode.swift; path = CategoriesServiceTests.swift; sourceTree = "<group>"; };
/* End PBXFileReference section */

/* Begin PBXFrameworksBuildPhase section */
		8D3698D129D4314F006B0629 /* Frameworks */ = {
			isa = PBXFrameworksBuildPhase;
			buildActionMask = 2147483647;
			files = (
			);
			runOnlyForDeploymentPostprocessing = 0;
		};
		8D3698E729D43150006B0629 /* Frameworks */ = {
			isa = PBXFrameworksBuildPhase;
			buildActionMask = 2147483647;
			files = (
			);
			runOnlyForDeploymentPostprocessing = 0;
		};
		8D3698F129D43150006B0629 /* Frameworks */ = {
			isa = PBXFrameworksBuildPhase;
			buildActionMask = 2147483647;
			files = (
			);
			runOnlyForDeploymentPostprocessing = 0;
		};
/* End PBXFrameworksBuildPhase section */

/* Begin PBXGroup section */
		8D3698CB29D4314F006B0629 = {
			isa = PBXGroup;
			children = (
				8D3698D629D4314F006B0629 /* LBCiOSTestDemo */,
				8D3698ED29D43150006B0629 /* LBCiOSTestDemoTests */,
				8D3698F729D43150006B0629 /* LBCiOSTestDemoUITests */,
				8D3698D529D4314F006B0629 /* Products */,
			);
			sourceTree = "<group>";
		};
		8D3698D529D4314F006B0629 /* Products */ = {
			isa = PBXGroup;
			children = (
				8D3698D429D4314F006B0629 /* LBCiOSTestDemo.app */,
				8D3698EA29D43150006B0629 /* LBCiOSTestDemoTests.xctest */,
				8D3698F429D43150006B0629 /* LBCiOSTestDemoUITests.xctest */,
			);
			name = Products;
			sourceTree = "<group>";
		};
		8D3698D629D4314F006B0629 /* LBCiOSTestDemo */ = {
			isa = PBXGroup;
			children = (
				8D36990E29D43607006B0629 /* Logic */,
				8D36990D29D435E5006B0629 /* UI */,
				8D3698D729D4314F006B0629 /* AppDelegate.swift */,
				8D3698D929D4314F006B0629 /* SceneDelegate.swift */,
				8D3698E029D43150006B0629 /* Assets.xcassets */,
				8D3698E229D43150006B0629 /* LaunchScreen.storyboard */,
				8D3698E529D43150006B0629 /* Info.plist */,
				8D36996029D5D25D006B0629 /* Localizable.strings */,
			);
			path = LBCiOSTestDemo;
			sourceTree = "<group>";
		};
		8D3698ED29D43150006B0629 /* LBCiOSTestDemoTests */ = {
			isa = PBXGroup;
			children = (
				8D3699A529D725EA006B0629 /* Utilities */,
				8D3699A029D72457006B0629 /* Data */,
				8D36999D29D72424006B0629 /* Extensions */,
				8D36999629D71EFC006B0629 /* Services */,
				8D36999329D71CFE006B0629 /* Tests */,
				8D3698EE29D43150006B0629 /* LBCiOSTestDemoTests.swift */,
			);
			path = LBCiOSTestDemoTests;
			sourceTree = "<group>";
		};
		8D3698F729D43150006B0629 /* LBCiOSTestDemoUITests */ = {
			isa = PBXGroup;
			children = (
				8D3698F829D43150006B0629 /* LBCiOSTestDemoUITests.swift */,
				8D3698FA29D43150006B0629 /* LBCiOSTestDemoUITestsLaunchTests.swift */,
			);
			path = LBCiOSTestDemoUITests;
			sourceTree = "<group>";
		};
		8D36990729D43579006B0629 /* Services */ = {
			isa = PBXGroup;
			children = (
				8D36997529D62E7D006B0629 /* Categories */,
				8D36994129D46E81006B0629 /* Ads */,
				8D36993429D44790006B0629 /* DataLoader */,
				8D36991829D43AC0006B0629 /* Provider */,
			);
			path = Services;
			sourceTree = "<group>";
		};
		8D36990829D435A7006B0629 /* Repositories */ = {
			isa = PBXGroup;
			children = (
				8D36998229D631B5006B0629 /* Categories */,
				8D36995229D5C532006B0629 /* Ads */,
				8D36991729D43AB4006B0629 /* Provider */,
			);
			path = Repositories;
			sourceTree = "<group>";
		};
		8D36990929D435B1006B0629 /* UseCases */ = {
			isa = PBXGroup;
			children = (
				8D36998729D633F5006B0629 /* Categories */,
				8D36995B29D5CA47006B0629 /* Ads */,
				8D36991629D43AAD006B0629 /* Provider */,
			);
			path = UseCases;
			sourceTree = "<group>";
		};
		8D36990A29D435BF006B0629 /* Entities */ = {
			isa = PBXGroup;
			children = (
				8D36990C29D435D4006B0629 /* Models */,
				8D36990B29D435C9006B0629 /* DTOs */,
			);
			path = Entities;
			sourceTree = "<group>";
		};
		8D36990B29D435C9006B0629 /* DTOs */ = {
			isa = PBXGroup;
			children = (
				8D36994829D4759B006B0629 /* ClassifiedAdDTO.swift */,
				8D36994A29D476C8006B0629 /* ImagesUrlDTO.swift */,
				8D36997829D62EB5006B0629 /* CategoryDTO.swift */,
			);
			path = DTOs;
			sourceTree = "<group>";
		};
		8D36990C29D435D4006B0629 /* Models */ = {
			isa = PBXGroup;
			children = (
				8D36993B29D45059006B0629 /* Errors.swift */,
				8D36993F29D46E44006B0629 /* Constants.swift */,
				8D36995729D5C5D3006B0629 /* ModelClassifiedAd.swift */,
				8D36995929D5C6AA006B0629 /* ModelImagesUrl.swift */,
				8D36997A29D62F07006B0629 /* ModelCategory.swift */,
			);
			path = Models;
			sourceTree = "<group>";
		};
		8D36990D29D435E5006B0629 /* UI */ = {
			isa = PBXGroup;
			children = (
				8D36998C29D6D370006B0629 /* AdDetail */,
				8D36996629D5EABF006B0629 /* Extensions */,
				8D36990F29D4361C006B0629 /* AdsListing */,
			);
			path = UI;
			sourceTree = "<group>";
		};
		8D36990E29D43607006B0629 /* Logic */ = {
			isa = PBXGroup;
			children = (
				8D36996C29D6048C006B0629 /* Utilities */,
				8D36993129D4451E006B0629 /* Container.swift */,
				8D36990A29D435BF006B0629 /* Entities */,
				8D36990929D435B1006B0629 /* UseCases */,
				8D36990829D435A7006B0629 /* Repositories */,
				8D36990729D43579006B0629 /* Services */,
				8D36995E29D5D0A3006B0629 /* Bootloader.swift */,
			);
			path = Logic;
			sourceTree = "<group>";
		};
		8D36990F29D4361C006B0629 /* AdsListing */ = {
			isa = PBXGroup;
			children = (
				8D36997229D62E15006B0629 /* AdsListingCollectionAdapter.swift */,
				8D36997129D62E15006B0629 /* ClassifiedAdCell.swift */,
				8D3698DB29D4314F006B0629 /* AdsListingViewController.swift */,
				8D36991029D4363E006B0629 /* AdsListingViewModel.swift */,
				8D36991229D43659006B0629 /* AdsListingView.swift */,
			);
			path = AdsListing;
			sourceTree = "<group>";
		};
		8D36991629D43AAD006B0629 /* Provider */ = {
			isa = PBXGroup;
			children = (
				8D36992D29D444C0006B0629 /* UseCaseProvider.swift */,
				8D36992E29D444C0006B0629 /* UseCaseProviderImpl.swift */,
			);
			path = Provider;
			sourceTree = "<group>";
		};
		8D36991729D43AB4006B0629 /* Provider */ = {
			isa = PBXGroup;
			children = (
				8D36992A29D44481006B0629 /* RepositoryProvider.swift */,
				8D36992929D44481006B0629 /* RepositoryProviderImpl.swift */,
			);
			path = Provider;
			sourceTree = "<group>";
		};
		8D36991829D43AC0006B0629 /* Provider */ = {
			isa = PBXGroup;
			children = (
				8D36991929D440F8006B0629 /* ServiceProvider.swift */,
				8D36991B29D44103006B0629 /* ServiceProviderImpl.swift */,
			);
			path = Provider;
			sourceTree = "<group>";
		};
		8D36993429D44790006B0629 /* DataLoader */ = {
			isa = PBXGroup;
			children = (
				8D36993529D447A2006B0629 /* DataLoaderService.swift */,
				8D36993729D447B0006B0629 /* RemoteDataLoaderService.swift */,
			);
			path = DataLoader;
			sourceTree = "<group>";
		};
		8D36994129D46E81006B0629 /* Ads */ = {
			isa = PBXGroup;
			children = (
				8D36994229D46EBB006B0629 /* AdsService.swift */,
				8D36994429D46ECF006B0629 /* AdsApiService.swift */,
				8D36994C29D478DA006B0629 /* AdsRouteProvider.swift */,
				8D36994E29D478E6006B0629 /* AdsServiceRoutes.swift */,
			);
			path = Ads;
			sourceTree = "<group>";
		};
		8D36995229D5C532006B0629 /* Ads */ = {
			isa = PBXGroup;
			children = (
				8D36995329D5C542006B0629 /* AdsRepository.swift */,
				8D36995529D5C54C006B0629 /* AdsRepositoryImpl.swift */,
			);
			path = Ads;
			sourceTree = "<group>";
		};
		8D36995B29D5CA47006B0629 /* Ads */ = {
			isa = PBXGroup;
			children = (
				8D36995C29D5CA5B006B0629 /* GetAdsUseCase.swift */,
			);
			path = Ads;
			sourceTree = "<group>";
		};
		8D36996629D5EABF006B0629 /* Extensions */ = {
			isa = PBXGroup;
			children = (
				8D36996729D5EACC006B0629 /* UIImageView.swift */,
			);
			path = Extensions;
			sourceTree = "<group>";
		};
		8D36996C29D6048C006B0629 /* Utilities */ = {
			isa = PBXGroup;
			children = (
				8D36996D29D60495006B0629 /* ImageCache.swift */,
				8D36996F29D60C7B006B0629 /* Formatters.swift */,
			);
			path = Utilities;
			sourceTree = "<group>";
		};
		8D36997529D62E7D006B0629 /* Categories */ = {
			isa = PBXGroup;
			children = (
				8D36997629D62E9C006B0629 /* CategoriesService.swift */,
				8D36997C29D62FB9006B0629 /* CategoriesApiService.swift */,
				8D36997E29D62FD3006B0629 /* CategoriesRouteProvider.swift */,
				8D36998029D63039006B0629 /* CategoriesServiceRoutes.swift */,
			);
			path = Categories;
			sourceTree = "<group>";
		};
		8D36998229D631B5006B0629 /* Categories */ = {
			isa = PBXGroup;
			children = (
				8D36998329D631C4006B0629 /* CategoriesRepository.swift */,
				8D36998529D631FD006B0629 /* CategoriesRepositoryImpl.swift */,
			);
			path = Categories;
			sourceTree = "<group>";
		};
		8D36998729D633F5006B0629 /* Categories */ = {
			isa = PBXGroup;
			children = (
				8D36998829D63406006B0629 /* LoadCategoriesUseCase.swift */,
				8D36998A29D6360A006B0629 /* GetCategoryUseCase.swift */,
			);
			path = Categories;
			sourceTree = "<group>";
		};
		8D36998C29D6D370006B0629 /* AdDetail */ = {
			isa = PBXGroup;
			children = (
				8D36998D29D6D380006B0629 /* AdDetailViewController.swift */,
				8D36998F29D6D38E006B0629 /* AdDetailView.swift */,
				8D36999129D6D39B006B0629 /* AdDetailViewModel.swift */,
			);
			path = AdDetail;
			sourceTree = "<group>";
		};
		8D36999329D71CFE006B0629 /* Tests */ = {
			isa = PBXGroup;
			children = (
				8D36999429D71D10006B0629 /* AdsServiceTests.swift */,
				8D3699AF29D72CD3006B0629 /* CategoriesServiceTests.swift */,
			);
			path = Tests;
			sourceTree = "<group>";
		};
		8D36999629D71EFC006B0629 /* Services */ = {
			isa = PBXGroup;
			children = (
				8D3699A829D72B84006B0629 /* Categories */,
				8D36999A29D71FC9006B0629 /* DataLoader */,
				8D36999729D71F01006B0629 /* Ads */,
			);
			path = Services;
			sourceTree = "<group>";
		};
		8D36999729D71F01006B0629 /* Ads */ = {
			isa = PBXGroup;
			children = (
				8D36999829D71F10006B0629 /* MockAdsService.swift */,
				8D3699A329D724DC006B0629 /* MockAdsServiceRoutes.swift */,
			);
			path = Ads;
			sourceTree = "<group>";
		};
		8D36999A29D71FC9006B0629 /* DataLoader */ = {
			isa = PBXGroup;
			children = (
				8D36999B29D71FD8006B0629 /* MockDataLoaderService.swift */,
			);
			path = DataLoader;
			sourceTree = "<group>";
		};
		8D36999D29D72424006B0629 /* Extensions */ = {
			isa = PBXGroup;
			children = (
				8D36999E29D7242C006B0629 /* Data.swift */,
			);
			path = Extensions;
			sourceTree = "<group>";
		};
		8D3699A029D72457006B0629 /* Data */ = {
			isa = PBXGroup;
			children = (
				8D3699A129D72488006B0629 /* listing.json */,
				8D3699AD29D72C3B006B0629 /* categories.json */,
			);
			path = Data;
			sourceTree = "<group>";
		};
		8D3699A529D725EA006B0629 /* Utilities */ = {
			isa = PBXGroup;
			children = (
				8D3699A629D72603006B0629 /* Completion.swift */,
			);
			path = Utilities;
			sourceTree = "<group>";
		};
		8D3699A829D72B84006B0629 /* Categories */ = {
			isa = PBXGroup;
			children = (
				8D3699A929D72B9C006B0629 /* MockCategoriesService.swift */,
				8D3699AB29D72BD6006B0629 /* MockCategoriesServiceRoutes.swift */,
			);
			path = Categories;
			sourceTree = "<group>";
		};
/* End PBXGroup section */

/* Begin PBXNativeTarget section */
		8D3698D329D4314F006B0629 /* LBCiOSTestDemo */ = {
			isa = PBXNativeTarget;
			buildConfigurationList = 8D3698FE29D43150006B0629 /* Build configuration list for PBXNativeTarget "LBCiOSTestDemo" */;
			buildPhases = (
				8D3698D029D4314F006B0629 /* Sources */,
				8D3698D129D4314F006B0629 /* Frameworks */,
				8D3698D229D4314F006B0629 /* Resources */,
			);
			buildRules = (
			);
			dependencies = (
			);
			name = LBCiOSTestDemo;
			productName = LBCiOSTestDemo;
			productReference = 8D3698D429D4314F006B0629 /* LBCiOSTestDemo.app */;
			productType = "com.apple.product-type.application";
		};
		8D3698E929D43150006B0629 /* LBCiOSTestDemoTests */ = {
			isa = PBXNativeTarget;
			buildConfigurationList = 8D36990129D43150006B0629 /* Build configuration list for PBXNativeTarget "LBCiOSTestDemoTests" */;
			buildPhases = (
				8D3698E629D43150006B0629 /* Sources */,
				8D3698E729D43150006B0629 /* Frameworks */,
				8D3698E829D43150006B0629 /* Resources */,
			);
			buildRules = (
			);
			dependencies = (
				8D3698EC29D43150006B0629 /* PBXTargetDependency */,
			);
			name = LBCiOSTestDemoTests;
			productName = LBCiOSTestDemoTests;
			productReference = 8D3698EA29D43150006B0629 /* LBCiOSTestDemoTests.xctest */;
			productType = "com.apple.product-type.bundle.unit-test";
		};
		8D3698F329D43150006B0629 /* LBCiOSTestDemoUITests */ = {
			isa = PBXNativeTarget;
			buildConfigurationList = 8D36990429D43150006B0629 /* Build configuration list for PBXNativeTarget "LBCiOSTestDemoUITests" */;
			buildPhases = (
				8D3698F029D43150006B0629 /* Sources */,
				8D3698F129D43150006B0629 /* Frameworks */,
				8D3698F229D43150006B0629 /* Resources */,
			);
			buildRules = (
			);
			dependencies = (
				8D3698F629D43150006B0629 /* PBXTargetDependency */,
			);
			name = LBCiOSTestDemoUITests;
			productName = LBCiOSTestDemoUITests;
			productReference = 8D3698F429D43150006B0629 /* LBCiOSTestDemoUITests.xctest */;
			productType = "com.apple.product-type.bundle.ui-testing";
		};
/* End PBXNativeTarget section */

/* Begin PBXProject section */
		8D3698CC29D4314F006B0629 /* Project object */ = {
			isa = PBXProject;
			attributes = {
				BuildIndependentTargetsInParallel = 1;
				LastSwiftUpdateCheck = 1420;
				LastUpgradeCheck = 1420;
				TargetAttributes = {
					8D3698D329D4314F006B0629 = {
						CreatedOnToolsVersion = 14.2;
					};
					8D3698E929D43150006B0629 = {
						CreatedOnToolsVersion = 14.2;
						TestTargetID = 8D3698D329D4314F006B0629;
					};
					8D3698F329D43150006B0629 = {
						CreatedOnToolsVersion = 14.2;
						TestTargetID = 8D3698D329D4314F006B0629;
					};
				};
			};
			buildConfigurationList = 8D3698CF29D4314F006B0629 /* Build configuration list for PBXProject "LBCiOSTestDemo" */;
			compatibilityVersion = "Xcode 14.0";
			developmentRegion = en;
			hasScannedForEncodings = 0;
			knownRegions = (
				en,
				Base,
			);
			mainGroup = 8D3698CB29D4314F006B0629;
			productRefGroup = 8D3698D529D4314F006B0629 /* Products */;
			projectDirPath = "";
			projectRoot = "";
			targets = (
				8D3698D329D4314F006B0629 /* LBCiOSTestDemo */,
				8D3698E929D43150006B0629 /* LBCiOSTestDemoTests */,
				8D3698F329D43150006B0629 /* LBCiOSTestDemoUITests */,
			);
		};
/* End PBXProject section */

/* Begin PBXResourcesBuildPhase section */
		8D3698D229D4314F006B0629 /* Resources */ = {
			isa = PBXResourcesBuildPhase;
			buildActionMask = 2147483647;
			files = (
				8D3698E429D43150006B0629 /* LaunchScreen.storyboard in Resources */,
				8D36996129D5D25D006B0629 /* Localizable.strings in Resources */,
				8D3698E129D43150006B0629 /* Assets.xcassets in Resources */,
			);
			runOnlyForDeploymentPostprocessing = 0;
		};
		8D3698E829D43150006B0629 /* Resources */ = {
			isa = PBXResourcesBuildPhase;
			buildActionMask = 2147483647;
			files = (
				8D3699A229D72488006B0629 /* listing.json in Resources */,
				8D3699AE29D72C3B006B0629 /* categories.json in Resources */,
			);
			runOnlyForDeploymentPostprocessing = 0;
		};
		8D3698F229D43150006B0629 /* Resources */ = {
			isa = PBXResourcesBuildPhase;
			buildActionMask = 2147483647;
			files = (
			);
			runOnlyForDeploymentPostprocessing = 0;
		};
/* End PBXResourcesBuildPhase section */

/* Begin PBXSourcesBuildPhase section */
		8D3698D029D4314F006B0629 /* Sources */ = {
			isa = PBXSourcesBuildPhase;
			buildActionMask = 2147483647;
			files = (
				8D36993829D447B0006B0629 /* RemoteDataLoaderService.swift in Sources */,
				8D36993C29D45059006B0629 /* Errors.swift in Sources */,
				8D36995F29D5D0A3006B0629 /* Bootloader.swift in Sources */,
				8D36994B29D476C8006B0629 /* ImagesUrlDTO.swift in Sources */,
				8D36995429D5C542006B0629 /* AdsRepository.swift in Sources */,
				8D36995629D5C54C006B0629 /* AdsRepositoryImpl.swift in Sources */,
				8D36997429D62E15006B0629 /* AdsListingCollectionAdapter.swift in Sources */,
				8D36997D29D62FB9006B0629 /* CategoriesApiService.swift in Sources */,
				8D36997729D62E9C006B0629 /* CategoriesService.swift in Sources */,
				8D36994929D4759B006B0629 /* ClassifiedAdDTO.swift in Sources */,
				8D36994329D46EBB006B0629 /* AdsService.swift in Sources */,
				8D36998429D631C4006B0629 /* CategoriesRepository.swift in Sources */,
				8D3698DC29D4314F006B0629 /* AdsListingViewController.swift in Sources */,
				8D36993229D4451E006B0629 /* Container.swift in Sources */,
				8D36993029D444C0006B0629 /* UseCaseProviderImpl.swift in Sources */,
				8D36995D29D5CA5B006B0629 /* GetAdsUseCase.swift in Sources */,
				8D36991C29D44103006B0629 /* ServiceProviderImpl.swift in Sources */,
				8D36997329D62E15006B0629 /* ClassifiedAdCell.swift in Sources */,
				8D36996829D5EACC006B0629 /* UIImageView.swift in Sources */,
				8D36997929D62EB5006B0629 /* CategoryDTO.swift in Sources */,
				8D36994F29D478E6006B0629 /* AdsServiceRoutes.swift in Sources */,
				8D36995829D5C5D3006B0629 /* ModelClassifiedAd.swift in Sources */,
				8D36999029D6D38E006B0629 /* AdDetailView.swift in Sources */,
				8D36998629D631FD006B0629 /* CategoriesRepositoryImpl.swift in Sources */,
				8D36991A29D440F8006B0629 /* ServiceProvider.swift in Sources */,
				8D36994029D46E44006B0629 /* Constants.swift in Sources */,
				8D36998B29D6360A006B0629 /* GetCategoryUseCase.swift in Sources */,
				8D3698D829D4314F006B0629 /* AppDelegate.swift in Sources */,
				8D36992B29D44482006B0629 /* RepositoryProviderImpl.swift in Sources */,
				8D36992C29D44482006B0629 /* RepositoryProvider.swift in Sources */,
				8D36999229D6D39B006B0629 /* AdDetailViewModel.swift in Sources */,
				8D36998929D63406006B0629 /* LoadCategoriesUseCase.swift in Sources */,
				8D36992F29D444C0006B0629 /* UseCaseProvider.swift in Sources */,
				8D36997029D60C7B006B0629 /* Formatters.swift in Sources */,
				8D36991129D4363E006B0629 /* AdsListingViewModel.swift in Sources */,
				8D36993629D447A2006B0629 /* DataLoaderService.swift in Sources */,
				8D36997B29D62F07006B0629 /* ModelCategory.swift in Sources */,
				8D36995A29D5C6AA006B0629 /* ModelImagesUrl.swift in Sources */,
				8D36991329D43659006B0629 /* AdsListingView.swift in Sources */,
				8D3698DA29D4314F006B0629 /* SceneDelegate.swift in Sources */,
				8D36998E29D6D380006B0629 /* AdDetailViewController.swift in Sources */,
				8D36994529D46ECF006B0629 /* AdsApiService.swift in Sources */,
				8D36996E29D60495006B0629 /* ImageCache.swift in Sources */,
				8D36997F29D62FD3006B0629 /* CategoriesRouteProvider.swift in Sources */,
				8D36994D29D478DA006B0629 /* AdsRouteProvider.swift in Sources */,
				8D36998129D63039006B0629 /* CategoriesServiceRoutes.swift in Sources */,
			);
			runOnlyForDeploymentPostprocessing = 0;
		};
		8D3698E629D43150006B0629 /* Sources */ = {
			isa = PBXSourcesBuildPhase;
			buildActionMask = 2147483647;
			files = (
				8D3699AC29D72BD6006B0629 /* MockCategoriesServiceRoutes.swift in Sources */,
				8D36999529D71D10006B0629 /* AdsServiceTests.swift in Sources */,
				8D36999F29D7242C006B0629 /* Data.swift in Sources */,
				8D3699B029D72CD3006B0629 /* CategoriesServiceTests.swift in Sources */,
				8D3699A429D724DC006B0629 /* MockAdsServiceRoutes.swift in Sources */,
				8D3699A729D72603006B0629 /* Completion.swift in Sources */,
				8D3698EF29D43150006B0629 /* LBCiOSTestDemoTests.swift in Sources */,
				8D36999C29D71FD8006B0629 /* MockDataLoaderService.swift in Sources */,
				8D36999929D71F10006B0629 /* MockAdsService.swift in Sources */,
				8D3699AA29D72B9C006B0629 /* MockCategoriesService.swift in Sources */,
			);
			runOnlyForDeploymentPostprocessing = 0;
		};
		8D3698F029D43150006B0629 /* Sources */ = {
			isa = PBXSourcesBuildPhase;
			buildActionMask = 2147483647;
			files = (
				8D3698F929D43150006B0629 /* LBCiOSTestDemoUITests.swift in Sources */,
				8D3698FB29D43150006B0629 /* LBCiOSTestDemoUITestsLaunchTests.swift in Sources */,
			);
			runOnlyForDeploymentPostprocessing = 0;
		};
/* End PBXSourcesBuildPhase section */

/* Begin PBXTargetDependency section */
		8D3698EC29D43150006B0629 /* PBXTargetDependency */ = {
			isa = PBXTargetDependency;
			target = 8D3698D329D4314F006B0629 /* LBCiOSTestDemo */;
			targetProxy = 8D3698EB29D43150006B0629 /* PBXContainerItemProxy */;
		};
		8D3698F629D43150006B0629 /* PBXTargetDependency */ = {
			isa = PBXTargetDependency;
			target = 8D3698D329D4314F006B0629 /* LBCiOSTestDemo */;
			targetProxy = 8D3698F529D43150006B0629 /* PBXContainerItemProxy */;
		};
/* End PBXTargetDependency section */

/* Begin PBXVariantGroup section */
		8D3698E229D43150006B0629 /* LaunchScreen.storyboard */ = {
			isa = PBXVariantGroup;
			children = (
				8D3698E329D43150006B0629 /* Base */,
			);
			name = LaunchScreen.storyboard;
			sourceTree = "<group>";
		};
/* End PBXVariantGroup section */

/* Begin XCBuildConfiguration section */
		8D3698FC29D43150006B0629 /* Debug */ = {
			isa = XCBuildConfiguration;
			buildSettings = {
				ALWAYS_SEARCH_USER_PATHS = NO;
				CLANG_ANALYZER_NONNULL = YES;
				CLANG_ANALYZER_NUMBER_OBJECT_CONVERSION = YES_AGGRESSIVE;
				CLANG_CXX_LANGUAGE_STANDARD = "gnu++20";
				CLANG_ENABLE_MODULES = YES;
				CLANG_ENABLE_OBJC_ARC = YES;
				CLANG_ENABLE_OBJC_WEAK = YES;
				CLANG_WARN_BLOCK_CAPTURE_AUTORELEASING = YES;
				CLANG_WARN_BOOL_CONVERSION = YES;
				CLANG_WARN_COMMA = YES;
				CLANG_WARN_CONSTANT_CONVERSION = YES;
				CLANG_WARN_DEPRECATED_OBJC_IMPLEMENTATIONS = YES;
				CLANG_WARN_DIRECT_OBJC_ISA_USAGE = YES_ERROR;
				CLANG_WARN_DOCUMENTATION_COMMENTS = YES;
				CLANG_WARN_EMPTY_BODY = YES;
				CLANG_WARN_ENUM_CONVERSION = YES;
				CLANG_WARN_INFINITE_RECURSION = YES;
				CLANG_WARN_INT_CONVERSION = YES;
				CLANG_WARN_NON_LITERAL_NULL_CONVERSION = YES;
				CLANG_WARN_OBJC_IMPLICIT_RETAIN_SELF = YES;
				CLANG_WARN_OBJC_LITERAL_CONVERSION = YES;
				CLANG_WARN_OBJC_ROOT_CLASS = YES_ERROR;
				CLANG_WARN_QUOTED_INCLUDE_IN_FRAMEWORK_HEADER = YES;
				CLANG_WARN_RANGE_LOOP_ANALYSIS = YES;
				CLANG_WARN_STRICT_PROTOTYPES = YES;
				CLANG_WARN_SUSPICIOUS_MOVE = YES;
				CLANG_WARN_UNGUARDED_AVAILABILITY = YES_AGGRESSIVE;
				CLANG_WARN_UNREACHABLE_CODE = YES;
				CLANG_WARN__DUPLICATE_METHOD_MATCH = YES;
				COPY_PHASE_STRIP = NO;
				DEBUG_INFORMATION_FORMAT = dwarf;
				ENABLE_STRICT_OBJC_MSGSEND = YES;
				ENABLE_TESTABILITY = YES;
				GCC_C_LANGUAGE_STANDARD = gnu11;
				GCC_DYNAMIC_NO_PIC = NO;
				GCC_NO_COMMON_BLOCKS = YES;
				GCC_OPTIMIZATION_LEVEL = 0;
				GCC_PREPROCESSOR_DEFINITIONS = (
					"DEBUG=1",
					"$(inherited)",
				);
				GCC_WARN_64_TO_32_BIT_CONVERSION = YES;
				GCC_WARN_ABOUT_RETURN_TYPE = YES_ERROR;
				GCC_WARN_UNDECLARED_SELECTOR = YES;
				GCC_WARN_UNINITIALIZED_AUTOS = YES_AGGRESSIVE;
				GCC_WARN_UNUSED_FUNCTION = YES;
				GCC_WARN_UNUSED_VARIABLE = YES;
				IPHONEOS_DEPLOYMENT_TARGET = 14.0;
				MTL_ENABLE_DEBUG_INFO = INCLUDE_SOURCE;
				MTL_FAST_MATH = YES;
				ONLY_ACTIVE_ARCH = YES;
				SDKROOT = iphoneos;
				SWIFT_ACTIVE_COMPILATION_CONDITIONS = DEBUG;
				SWIFT_OPTIMIZATION_LEVEL = "-Onone";
			};
			name = Debug;
		};
		8D3698FD29D43150006B0629 /* Release */ = {
			isa = XCBuildConfiguration;
			buildSettings = {
				ALWAYS_SEARCH_USER_PATHS = NO;
				CLANG_ANALYZER_NONNULL = YES;
				CLANG_ANALYZER_NUMBER_OBJECT_CONVERSION = YES_AGGRESSIVE;
				CLANG_CXX_LANGUAGE_STANDARD = "gnu++20";
				CLANG_ENABLE_MODULES = YES;
				CLANG_ENABLE_OBJC_ARC = YES;
				CLANG_ENABLE_OBJC_WEAK = YES;
				CLANG_WARN_BLOCK_CAPTURE_AUTORELEASING = YES;
				CLANG_WARN_BOOL_CONVERSION = YES;
				CLANG_WARN_COMMA = YES;
				CLANG_WARN_CONSTANT_CONVERSION = YES;
				CLANG_WARN_DEPRECATED_OBJC_IMPLEMENTATIONS = YES;
				CLANG_WARN_DIRECT_OBJC_ISA_USAGE = YES_ERROR;
				CLANG_WARN_DOCUMENTATION_COMMENTS = YES;
				CLANG_WARN_EMPTY_BODY = YES;
				CLANG_WARN_ENUM_CONVERSION = YES;
				CLANG_WARN_INFINITE_RECURSION = YES;
				CLANG_WARN_INT_CONVERSION = YES;
				CLANG_WARN_NON_LITERAL_NULL_CONVERSION = YES;
				CLANG_WARN_OBJC_IMPLICIT_RETAIN_SELF = YES;
				CLANG_WARN_OBJC_LITERAL_CONVERSION = YES;
				CLANG_WARN_OBJC_ROOT_CLASS = YES_ERROR;
				CLANG_WARN_QUOTED_INCLUDE_IN_FRAMEWORK_HEADER = YES;
				CLANG_WARN_RANGE_LOOP_ANALYSIS = YES;
				CLANG_WARN_STRICT_PROTOTYPES = YES;
				CLANG_WARN_SUSPICIOUS_MOVE = YES;
				CLANG_WARN_UNGUARDED_AVAILABILITY = YES_AGGRESSIVE;
				CLANG_WARN_UNREACHABLE_CODE = YES;
				CLANG_WARN__DUPLICATE_METHOD_MATCH = YES;
				COPY_PHASE_STRIP = NO;
				DEBUG_INFORMATION_FORMAT = "dwarf-with-dsym";
				ENABLE_NS_ASSERTIONS = NO;
				ENABLE_STRICT_OBJC_MSGSEND = YES;
				GCC_C_LANGUAGE_STANDARD = gnu11;
				GCC_NO_COMMON_BLOCKS = YES;
				GCC_WARN_64_TO_32_BIT_CONVERSION = YES;
				GCC_WARN_ABOUT_RETURN_TYPE = YES_ERROR;
				GCC_WARN_UNDECLARED_SELECTOR = YES;
				GCC_WARN_UNINITIALIZED_AUTOS = YES_AGGRESSIVE;
				GCC_WARN_UNUSED_FUNCTION = YES;
				GCC_WARN_UNUSED_VARIABLE = YES;
				IPHONEOS_DEPLOYMENT_TARGET = 14.0;
				MTL_ENABLE_DEBUG_INFO = NO;
				MTL_FAST_MATH = YES;
				SDKROOT = iphoneos;
				SWIFT_COMPILATION_MODE = wholemodule;
				SWIFT_OPTIMIZATION_LEVEL = "-O";
				VALIDATE_PRODUCT = YES;
			};
			name = Release;
		};
		8D3698FF29D43150006B0629 /* Debug */ = {
			isa = XCBuildConfiguration;
			buildSettings = {
				ASSETCATALOG_COMPILER_APPICON_NAME = AppIcon;
				ASSETCATALOG_COMPILER_GLOBAL_ACCENT_COLOR_NAME = AccentColor;
				CODE_SIGN_STYLE = Automatic;
				CURRENT_PROJECT_VERSION = 1;
				DEVELOPMENT_TEAM = 8ET5JFMNEG;
				GENERATE_INFOPLIST_FILE = YES;
				INFOPLIST_FILE = LBCiOSTestDemo/Info.plist;
				INFOPLIST_KEY_UIApplicationSupportsIndirectInputEvents = YES;
				INFOPLIST_KEY_UILaunchStoryboardName = LaunchScreen;
				INFOPLIST_KEY_UISupportedInterfaceOrientations_iPad = "UIInterfaceOrientationPortrait UIInterfaceOrientationPortraitUpsideDown UIInterfaceOrientationLandscapeLeft UIInterfaceOrientationLandscapeRight";
				INFOPLIST_KEY_UISupportedInterfaceOrientations_iPhone = "UIInterfaceOrientationPortrait UIInterfaceOrientationLandscapeLeft UIInterfaceOrientationLandscapeRight";
				LD_RUNPATH_SEARCH_PATHS = (
					"$(inherited)",
					"@executable_path/Frameworks",
				);
				MARKETING_VERSION = 1.0;
				PRODUCT_BUNDLE_IDENTIFIER = eu.appsconcept.LBCiOSTestDemo;
				PRODUCT_NAME = "$(TARGET_NAME)";
				SWIFT_EMIT_LOC_STRINGS = YES;
				SWIFT_VERSION = 5.0;
				TARGETED_DEVICE_FAMILY = "1,2";
			};
			name = Debug;
		};
		8D36990029D43150006B0629 /* Release */ = {
			isa = XCBuildConfiguration;
			buildSettings = {
				ASSETCATALOG_COMPILER_APPICON_NAME = AppIcon;
				ASSETCATALOG_COMPILER_GLOBAL_ACCENT_COLOR_NAME = AccentColor;
				CODE_SIGN_STYLE = Automatic;
				CURRENT_PROJECT_VERSION = 1;
				DEVELOPMENT_TEAM = 8ET5JFMNEG;
				GENERATE_INFOPLIST_FILE = YES;
				INFOPLIST_FILE = LBCiOSTestDemo/Info.plist;
				INFOPLIST_KEY_UIApplicationSupportsIndirectInputEvents = YES;
				INFOPLIST_KEY_UILaunchStoryboardName = LaunchScreen;
				INFOPLIST_KEY_UISupportedInterfaceOrientations_iPad = "UIInterfaceOrientationPortrait UIInterfaceOrientationPortraitUpsideDown UIInterfaceOrientationLandscapeLeft UIInterfaceOrientationLandscapeRight";
				INFOPLIST_KEY_UISupportedInterfaceOrientations_iPhone = "UIInterfaceOrientationPortrait UIInterfaceOrientationLandscapeLeft UIInterfaceOrientationLandscapeRight";
				LD_RUNPATH_SEARCH_PATHS = (
					"$(inherited)",
					"@executable_path/Frameworks",
				);
				MARKETING_VERSION = 1.0;
				PRODUCT_BUNDLE_IDENTIFIER = eu.appsconcept.LBCiOSTestDemo;
				PRODUCT_NAME = "$(TARGET_NAME)";
				SWIFT_EMIT_LOC_STRINGS = YES;
				SWIFT_VERSION = 5.0;
				TARGETED_DEVICE_FAMILY = "1,2";
			};
			name = Release;
		};
		8D36990229D43150006B0629 /* Debug */ = {
			isa = XCBuildConfiguration;
			buildSettings = {
				ALWAYS_EMBED_SWIFT_STANDARD_LIBRARIES = YES;
				BUNDLE_LOADER = "$(TEST_HOST)";
				CODE_SIGN_STYLE = Automatic;
				CURRENT_PROJECT_VERSION = 1;
				DEVELOPMENT_TEAM = 8ET5JFMNEG;
				GENERATE_INFOPLIST_FILE = YES;
				IPHONEOS_DEPLOYMENT_TARGET = 14.0;
				MARKETING_VERSION = 1.0;
				PRODUCT_BUNDLE_IDENTIFIER = eu.appsconcept.LBCiOSTestDemoTests;
				PRODUCT_NAME = "$(TARGET_NAME)";
				SWIFT_EMIT_LOC_STRINGS = NO;
				SWIFT_VERSION = 5.0;
				TARGETED_DEVICE_FAMILY = "1,2";
				TEST_HOST = "$(BUILT_PRODUCTS_DIR)/LBCiOSTestDemo.app/$(BUNDLE_EXECUTABLE_FOLDER_PATH)/LBCiOSTestDemo";
			};
			name = Debug;
		};
		8D36990329D43150006B0629 /* Release */ = {
			isa = XCBuildConfiguration;
			buildSettings = {
				ALWAYS_EMBED_SWIFT_STANDARD_LIBRARIES = YES;
				BUNDLE_LOADER = "$(TEST_HOST)";
				CODE_SIGN_STYLE = Automatic;
				CURRENT_PROJECT_VERSION = 1;
				DEVELOPMENT_TEAM = 8ET5JFMNEG;
				GENERATE_INFOPLIST_FILE = YES;
				IPHONEOS_DEPLOYMENT_TARGET = 14.0;
				MARKETING_VERSION = 1.0;
				PRODUCT_BUNDLE_IDENTIFIER = eu.appsconcept.LBCiOSTestDemoTests;
				PRODUCT_NAME = "$(TARGET_NAME)";
				SWIFT_EMIT_LOC_STRINGS = NO;
				SWIFT_VERSION = 5.0;
				TARGETED_DEVICE_FAMILY = "1,2";
				TEST_HOST = "$(BUILT_PRODUCTS_DIR)/LBCiOSTestDemo.app/$(BUNDLE_EXECUTABLE_FOLDER_PATH)/LBCiOSTestDemo";
			};
			name = Release;
		};
		8D36990529D43150006B0629 /* Debug */ = {
			isa = XCBuildConfiguration;
			buildSettings = {
				ALWAYS_EMBED_SWIFT_STANDARD_LIBRARIES = YES;
				CODE_SIGN_STYLE = Automatic;
				CURRENT_PROJECT_VERSION = 1;
				DEVELOPMENT_TEAM = 8ET5JFMNEG;
				GENERATE_INFOPLIST_FILE = YES;
				MARKETING_VERSION = 1.0;
				PRODUCT_BUNDLE_IDENTIFIER = eu.appsconcept.LBCiOSTestDemoUITests;
				PRODUCT_NAME = "$(TARGET_NAME)";
				SWIFT_EMIT_LOC_STRINGS = NO;
				SWIFT_VERSION = 5.0;
				TARGETED_DEVICE_FAMILY = "1,2";
				TEST_TARGET_NAME = LBCiOSTestDemo;
			};
			name = Debug;
		};
		8D36990629D43150006B0629 /* Release */ = {
			isa = XCBuildConfiguration;
			buildSettings = {
				ALWAYS_EMBED_SWIFT_STANDARD_LIBRARIES = YES;
				CODE_SIGN_STYLE = Automatic;
				CURRENT_PROJECT_VERSION = 1;
				DEVELOPMENT_TEAM = 8ET5JFMNEG;
				GENERATE_INFOPLIST_FILE = YES;
				MARKETING_VERSION = 1.0;
				PRODUCT_BUNDLE_IDENTIFIER = eu.appsconcept.LBCiOSTestDemoUITests;
				PRODUCT_NAME = "$(TARGET_NAME)";
				SWIFT_EMIT_LOC_STRINGS = NO;
				SWIFT_VERSION = 5.0;
				TARGETED_DEVICE_FAMILY = "1,2";
				TEST_TARGET_NAME = LBCiOSTestDemo;
			};
			name = Release;
		};
/* End XCBuildConfiguration section */

/* Begin XCConfigurationList section */
		8D3698CF29D4314F006B0629 /* Build configuration list for PBXProject "LBCiOSTestDemo" */ = {
			isa = XCConfigurationList;
			buildConfigurations = (
				8D3698FC29D43150006B0629 /* Debug */,
				8D3698FD29D43150006B0629 /* Release */,
			);
			defaultConfigurationIsVisible = 0;
			defaultConfigurationName = Release;
		};
		8D3698FE29D43150006B0629 /* Build configuration list for PBXNativeTarget "LBCiOSTestDemo" */ = {
			isa = XCConfigurationList;
			buildConfigurations = (
				8D3698FF29D43150006B0629 /* Debug */,
				8D36990029D43150006B0629 /* Release */,
			);
			defaultConfigurationIsVisible = 0;
			defaultConfigurationName = Release;
		};
		8D36990129D43150006B0629 /* Build configuration list for PBXNativeTarget "LBCiOSTestDemoTests" */ = {
			isa = XCConfigurationList;
			buildConfigurations = (
				8D36990229D43150006B0629 /* Debug */,
				8D36990329D43150006B0629 /* Release */,
			);
			defaultConfigurationIsVisible = 0;
			defaultConfigurationName = Release;
		};
		8D36990429D43150006B0629 /* Build configuration list for PBXNativeTarget "LBCiOSTestDemoUITests" */ = {
			isa = XCConfigurationList;
			buildConfigurations = (
				8D36990529D43150006B0629 /* Debug */,
				8D36990629D43150006B0629 /* Release */,
			);
			defaultConfigurationIsVisible = 0;
			defaultConfigurationName = Release;
		};
/* End XCConfigurationList section */
	};
	rootObject = 8D3698CC29D4314F006B0629 /* Project object */;
}
